// !$*UTF8*$!
{
	archiveVersion = 1;
	classes = {
	};
	objectVersion = 52;
	objects = {

/* Begin PBXBuildFile section */
		1B2682BF2B762EDC00059BEF /* GoogleService-Info.plist in Resources */ = {isa = PBXBuildFile; fileRef = 1B2682BE2B762EDC00059BEF /* GoogleService-Info.plist */; };
		1B4F7D702B761121001DB784 /* AppDelegate.swift in Sources */ = {isa = PBXBuildFile; fileRef = 1B4F7D6F2B761121001DB784 /* AppDelegate.swift */; };
		1B4F7D722B761121001DB784 /* SceneDelegate.swift in Sources */ = {isa = PBXBuildFile; fileRef = 1B4F7D712B761121001DB784 /* SceneDelegate.swift */; };
		1B4F7D742B761121001DB784 /* ViewController.swift in Sources */ = {isa = PBXBuildFile; fileRef = 1B4F7D732B761121001DB784 /* ViewController.swift */; };
		1B4F7D772B761121001DB784 /* Main.storyboard in Resources */ = {isa = PBXBuildFile; fileRef = 1B4F7D752B761121001DB784 /* Main.storyboard */; };
		1B4F7D792B761124001DB784 /* Assets.xcassets in Resources */ = {isa = PBXBuildFile; fileRef = 1B4F7D782B761124001DB784 /* Assets.xcassets */; };
		1B4F7D7C2B761124001DB784 /* LaunchScreen.storyboard in Resources */ = {isa = PBXBuildFile; fileRef = 1B4F7D7A2B761124001DB784 /* LaunchScreen.storyboard */; };
		1B4F7D872B761125001DB784 /* examen2EvalEjerc2DiTests.swift in Sources */ = {isa = PBXBuildFile; fileRef = 1B4F7D862B761125001DB784 /* examen2EvalEjerc2DiTests.swift */; };
		1B4F7D922B761125001DB784 /* examen2EvalEjerc2DiUITests.swift in Sources */ = {isa = PBXBuildFile; fileRef = 1B4F7D912B761125001DB784 /* examen2EvalEjerc2DiUITests.swift */; };
		1B4F7DA42B761157001DB784 /* Alamofire in Frameworks */ = {isa = PBXBuildFile; productRef = 1B4F7DA32B761157001DB784 /* Alamofire */; };
		1B4F7DAA2B76116A001DB784 /* AlamofireImage in Frameworks */ = {isa = PBXBuildFile; productRef = 1B4F7DA92B76116A001DB784 /* AlamofireImage */; };
		1B4F7DEC2B761312001DB784 /* FirebaseAppDistribution-Beta in Frameworks */ = {isa = PBXBuildFile; productRef = 1B4F7DEB2B761312001DB784 /* FirebaseAppDistribution-Beta */; };
		1B4F7DEE2B761312001DB784 /* FirebaseInAppMessaging-Beta in Frameworks */ = {isa = PBXBuildFile; productRef = 1B4F7DED2B761312001DB784 /* FirebaseInAppMessaging-Beta */; };
		1B4F7DF02B761312001DB784 /* FirebaseAnalyticsSwift-Beta in Frameworks */ = {isa = PBXBuildFile; productRef = 1B4F7DEF2B761312001DB784 /* FirebaseAnalyticsSwift-Beta */; };
		1B4F7DF22B761312001DB784 /* FirebaseAnalyticsWithoutAdIdSupport in Frameworks */ = {isa = PBXBuildFile; productRef = 1B4F7DF12B761312001DB784 /* FirebaseAnalyticsWithoutAdIdSupport */; };
		1B4F7DF42B761312001DB784 /* FirebaseFirestore in Frameworks */ = {isa = PBXBuildFile; productRef = 1B4F7DF32B761312001DB784 /* FirebaseFirestore */; };
		1B4F7DF62B761312001DB784 /* FirebaseAuthCombine-Community in Frameworks */ = {isa = PBXBuildFile; productRef = 1B4F7DF52B761312001DB784 /* FirebaseAuthCombine-Community */; };
		1B4F7DF82B761312001DB784 /* FirebaseInstallations in Frameworks */ = {isa = PBXBuildFile; productRef = 1B4F7DF72B761312001DB784 /* FirebaseInstallations */; };
		1B4F7DFA2B761312001DB784 /* FirebaseRemoteConfigSwift-Beta in Frameworks */ = {isa = PBXBuildFile; productRef = 1B4F7DF92B761312001DB784 /* FirebaseRemoteConfigSwift-Beta */; };
		1B4F7DFC2B761312001DB784 /* FirebaseFunctionsCombine-Community in Frameworks */ = {isa = PBXBuildFile; productRef = 1B4F7DFB2B761312001DB784 /* FirebaseFunctionsCombine-Community */; };
		1B4F7DFE2B761312001DB784 /* FirebaseFirestoreSwift-Beta in Frameworks */ = {isa = PBXBuildFile; productRef = 1B4F7DFD2B761312001DB784 /* FirebaseFirestoreSwift-Beta */; };
		1B4F7E002B761312001DB784 /* FirebaseAnalytics in Frameworks */ = {isa = PBXBuildFile; productRef = 1B4F7DFF2B761312001DB784 /* FirebaseAnalytics */; };
		1B4F7E022B761312001DB784 /* FirebaseDatabase in Frameworks */ = {isa = PBXBuildFile; productRef = 1B4F7E012B761312001DB784 /* FirebaseDatabase */; };
		1B4F7E042B761312001DB784 /* FirebasePerformance in Frameworks */ = {isa = PBXBuildFile; productRef = 1B4F7E032B761312001DB784 /* FirebasePerformance */; };
		1B4F7E062B761312001DB784 /* FirebaseRemoteConfig in Frameworks */ = {isa = PBXBuildFile; productRef = 1B4F7E052B761312001DB784 /* FirebaseRemoteConfig */; };
		1B4F7E082B761312001DB784 /* FirebaseAppCheck in Frameworks */ = {isa = PBXBuildFile; productRef = 1B4F7E072B761312001DB784 /* FirebaseAppCheck */; };
		1B4F7E0A2B761312001DB784 /* FirebaseStorageCombine-Community in Frameworks */ = {isa = PBXBuildFile; productRef = 1B4F7E092B761312001DB784 /* FirebaseStorageCombine-Community */; };
		1B4F7E0C2B761312001DB784 /* FirebaseAuth in Frameworks */ = {isa = PBXBuildFile; productRef = 1B4F7E0B2B761312001DB784 /* FirebaseAuth */; };
		1B4F7E0E2B761312001DB784 /* FirebaseInAppMessagingSwift-Beta in Frameworks */ = {isa = PBXBuildFile; productRef = 1B4F7E0D2B761312001DB784 /* FirebaseInAppMessagingSwift-Beta */; };
		1B4F7E102B761312001DB784 /* FirebaseDatabaseSwift-Beta in Frameworks */ = {isa = PBXBuildFile; productRef = 1B4F7E0F2B761312001DB784 /* FirebaseDatabaseSwift-Beta */; };
		1B4F7E122B761312001DB784 /* FirebaseStorageSwift-Beta in Frameworks */ = {isa = PBXBuildFile; productRef = 1B4F7E112B761312001DB784 /* FirebaseStorageSwift-Beta */; };
		1B4F7E142B761312001DB784 /* FirebaseMLModelDownloader in Frameworks */ = {isa = PBXBuildFile; productRef = 1B4F7E132B761312001DB784 /* FirebaseMLModelDownloader */; };
		1B4F7E162B761312001DB784 /* FirebaseCrashlytics in Frameworks */ = {isa = PBXBuildFile; productRef = 1B4F7E152B761312001DB784 /* FirebaseCrashlytics */; };
		1B4F7E182B761312001DB784 /* FirebaseMessaging in Frameworks */ = {isa = PBXBuildFile; productRef = 1B4F7E172B761312001DB784 /* FirebaseMessaging */; };
		1B4F7E1A2B761312001DB784 /* FirebaseStorage in Frameworks */ = {isa = PBXBuildFile; productRef = 1B4F7E192B761312001DB784 /* FirebaseStorage */; };
		1B4F7E1C2B761312001DB784 /* FirebaseDynamicLinks in Frameworks */ = {isa = PBXBuildFile; productRef = 1B4F7E1B2B761312001DB784 /* FirebaseDynamicLinks */; };
		1B4F7E1E2B761312001DB784 /* FirebaseFunctionsSwift-Beta in Frameworks */ = {isa = PBXBuildFile; productRef = 1B4F7E1D2B761312001DB784 /* FirebaseFunctionsSwift-Beta */; };
		1B4F7E202B761312001DB784 /* FirebaseFunctions in Frameworks */ = {isa = PBXBuildFile; productRef = 1B4F7E1F2B761312001DB784 /* FirebaseFunctions */; };
		1B4F7E222B761312001DB784 /* FirebaseFirestoreCombine-Community in Frameworks */ = {isa = PBXBuildFile; productRef = 1B4F7E212B761312001DB784 /* FirebaseFirestoreCombine-Community */; };
		1B4F7E2E2B761399001DB784 /* Toast in Frameworks */ = {isa = PBXBuildFile; productRef = 1B4F7E2D2B761399001DB784 /* Toast */; };
		1BF62C472B763F5E0094D1FB /* ManagerUserDefaults.swift in Sources */ = {isa = PBXBuildFile; fileRef = 1BF62C462B763F5E0094D1FB /* ManagerUserDefaults.swift */; };
/* End PBXBuildFile section */

/* Begin PBXContainerItemProxy section */
		1B4F7D832B761124001DB784 /* PBXContainerItemProxy */ = {
			isa = PBXContainerItemProxy;
			containerPortal = 1B4F7D642B761120001DB784 /* Project object */;
			proxyType = 1;
			remoteGlobalIDString = 1B4F7D6B2B761121001DB784;
			remoteInfo = examen2EvalEjerc2Di;
		};
		1B4F7D8E2B761125001DB784 /* PBXContainerItemProxy */ = {
			isa = PBXContainerItemProxy;
			containerPortal = 1B4F7D642B761120001DB784 /* Project object */;
			proxyType = 1;
			remoteGlobalIDString = 1B4F7D6B2B761121001DB784;
			remoteInfo = examen2EvalEjerc2Di;
		};
/* End PBXContainerItemProxy section */

/* Begin PBXFileReference section */
		1B2682BE2B762EDC00059BEF /* GoogleService-Info.plist */ = {isa = PBXFileReference; fileEncoding = 4; lastKnownFileType = text.plist.xml; path = "GoogleService-Info.plist"; sourceTree = "<group>"; };
		1B4F7D6C2B761121001DB784 /* examen2EvalEjerc2Di.app */ = {isa = PBXFileReference; explicitFileType = wrapper.application; includeInIndex = 0; path = examen2EvalEjerc2Di.app; sourceTree = BUILT_PRODUCTS_DIR; };
		1B4F7D6F2B761121001DB784 /* AppDelegate.swift */ = {isa = PBXFileReference; lastKnownFileType = sourcecode.swift; path = AppDelegate.swift; sourceTree = "<group>"; };
		1B4F7D712B761121001DB784 /* SceneDelegate.swift */ = {isa = PBXFileReference; lastKnownFileType = sourcecode.swift; path = SceneDelegate.swift; sourceTree = "<group>"; };
		1B4F7D732B761121001DB784 /* ViewController.swift */ = {isa = PBXFileReference; lastKnownFileType = sourcecode.swift; path = ViewController.swift; sourceTree = "<group>"; };
		1B4F7D762B761121001DB784 /* Base */ = {isa = PBXFileReference; lastKnownFileType = file.storyboard; name = Base; path = Base.lproj/Main.storyboard; sourceTree = "<group>"; };
		1B4F7D782B761124001DB784 /* Assets.xcassets */ = {isa = PBXFileReference; lastKnownFileType = folder.assetcatalog; path = Assets.xcassets; sourceTree = "<group>"; };
		1B4F7D7B2B761124001DB784 /* Base */ = {isa = PBXFileReference; lastKnownFileType = file.storyboard; name = Base; path = Base.lproj/LaunchScreen.storyboard; sourceTree = "<group>"; };
		1B4F7D7D2B761124001DB784 /* Info.plist */ = {isa = PBXFileReference; lastKnownFileType = text.plist.xml; path = Info.plist; sourceTree = "<group>"; };
		1B4F7D822B761124001DB784 /* examen2EvalEjerc2DiTests.xctest */ = {isa = PBXFileReference; explicitFileType = wrapper.cfbundle; includeInIndex = 0; path = examen2EvalEjerc2DiTests.xctest; sourceTree = BUILT_PRODUCTS_DIR; };
		1B4F7D862B761125001DB784 /* examen2EvalEjerc2DiTests.swift */ = {isa = PBXFileReference; lastKnownFileType = sourcecode.swift; path = examen2EvalEjerc2DiTests.swift; sourceTree = "<group>"; };
		1B4F7D882B761125001DB784 /* Info.plist */ = {isa = PBXFileReference; lastKnownFileType = text.plist.xml; path = Info.plist; sourceTree = "<group>"; };
		1B4F7D8D2B761125001DB784 /* examen2EvalEjerc2DiUITests.xctest */ = {isa = PBXFileReference; explicitFileType = wrapper.cfbundle; includeInIndex = 0; path = examen2EvalEjerc2DiUITests.xctest; sourceTree = BUILT_PRODUCTS_DIR; };
		1B4F7D912B761125001DB784 /* examen2EvalEjerc2DiUITests.swift */ = {isa = PBXFileReference; lastKnownFileType = sourcecode.swift; path = examen2EvalEjerc2DiUITests.swift; sourceTree = "<group>"; };
		1B4F7D932B761125001DB784 /* Info.plist */ = {isa = PBXFileReference; lastKnownFileType = text.plist.xml; path = Info.plist; sourceTree = "<group>"; };
		1BF62C462B763F5E0094D1FB /* ManagerUserDefaults.swift */ = {isa = PBXFileReference; lastKnownFileType = sourcecode.swift; path = ManagerUserDefaults.swift; sourceTree = "<group>"; };
/* End PBXFileReference section */

/* Begin PBXFrameworksBuildPhase section */
		1B4F7D692B761121001DB784 /* Frameworks */ = {
			isa = PBXFrameworksBuildPhase;
			buildActionMask = 2147483647;
			files = (
				1B4F7DF02B761312001DB784 /* FirebaseAnalyticsSwift-Beta in Frameworks */,
				1B4F7E082B761312001DB784 /* FirebaseAppCheck in Frameworks */,
				1B4F7E0E2B761312001DB784 /* FirebaseInAppMessagingSwift-Beta in Frameworks */,
				1B4F7E222B761312001DB784 /* FirebaseFirestoreCombine-Community in Frameworks */,
				1B4F7DFA2B761312001DB784 /* FirebaseRemoteConfigSwift-Beta in Frameworks */,
				1B4F7E042B761312001DB784 /* FirebasePerformance in Frameworks */,
				1B4F7DF22B761312001DB784 /* FirebaseAnalyticsWithoutAdIdSupport in Frameworks */,
				1B4F7DA42B761157001DB784 /* Alamofire in Frameworks */,
				1B4F7E182B761312001DB784 /* FirebaseMessaging in Frameworks */,
				1B4F7E002B761312001DB784 /* FirebaseAnalytics in Frameworks */,
				1B4F7DF82B761312001DB784 /* FirebaseInstallations in Frameworks */,
				1B4F7E142B761312001DB784 /* FirebaseMLModelDownloader in Frameworks */,
				1B4F7E122B761312001DB784 /* FirebaseStorageSwift-Beta in Frameworks */,
				1B4F7E202B761312001DB784 /* FirebaseFunctions in Frameworks */,
				1B4F7E062B761312001DB784 /* FirebaseRemoteConfig in Frameworks */,
				1B4F7DAA2B76116A001DB784 /* AlamofireImage in Frameworks */,
				1B4F7E1C2B761312001DB784 /* FirebaseDynamicLinks in Frameworks */,
				1B4F7DEC2B761312001DB784 /* FirebaseAppDistribution-Beta in Frameworks */,
				1B4F7E2E2B761399001DB784 /* Toast in Frameworks */,
				1B4F7E102B761312001DB784 /* FirebaseDatabaseSwift-Beta in Frameworks */,
				1B4F7DEE2B761312001DB784 /* FirebaseInAppMessaging-Beta in Frameworks */,
				1B4F7DF42B761312001DB784 /* FirebaseFirestore in Frameworks */,
				1B4F7E0C2B761312001DB784 /* FirebaseAuth in Frameworks */,
				1B4F7DFE2B761312001DB784 /* FirebaseFirestoreSwift-Beta in Frameworks */,
				1B4F7DFC2B761312001DB784 /* FirebaseFunctionsCombine-Community in Frameworks */,
				1B4F7E1A2B761312001DB784 /* FirebaseStorage in Frameworks */,
				1B4F7E022B761312001DB784 /* FirebaseDatabase in Frameworks */,
				1B4F7E162B761312001DB784 /* FirebaseCrashlytics in Frameworks */,
				1B4F7E0A2B761312001DB784 /* FirebaseStorageCombine-Community in Frameworks */,
				1B4F7DF62B761312001DB784 /* FirebaseAuthCombine-Community in Frameworks */,
				1B4F7E1E2B761312001DB784 /* FirebaseFunctionsSwift-Beta in Frameworks */,
			);
			runOnlyForDeploymentPostprocessing = 0;
		};
		1B4F7D7F2B761124001DB784 /* Frameworks */ = {
			isa = PBXFrameworksBuildPhase;
			buildActionMask = 2147483647;
			files = (
			);
			runOnlyForDeploymentPostprocessing = 0;
		};
		1B4F7D8A2B761125001DB784 /* Frameworks */ = {
			isa = PBXFrameworksBuildPhase;
			buildActionMask = 2147483647;
			files = (
			);
			runOnlyForDeploymentPostprocessing = 0;
		};
/* End PBXFrameworksBuildPhase section */

/* Begin PBXGroup section */
		1B4F7D632B761120001DB784 = {
			isa = PBXGroup;
			children = (
				1B4F7D6E2B761121001DB784 /* examen2EvalEjerc2Di */,
				1B4F7D852B761124001DB784 /* examen2EvalEjerc2DiTests */,
				1B4F7D902B761125001DB784 /* examen2EvalEjerc2DiUITests */,
				1B4F7D6D2B761121001DB784 /* Products */,
			);
			sourceTree = "<group>";
		};
		1B4F7D6D2B761121001DB784 /* Products */ = {
			isa = PBXGroup;
			children = (
				1B4F7D6C2B761121001DB784 /* examen2EvalEjerc2Di.app */,
				1B4F7D822B761124001DB784 /* examen2EvalEjerc2DiTests.xctest */,
				1B4F7D8D2B761125001DB784 /* examen2EvalEjerc2DiUITests.xctest */,
			);
			name = Products;
			sourceTree = "<group>";
		};
		1B4F7D6E2B761121001DB784 /* examen2EvalEjerc2Di */ = {
			isa = PBXGroup;
			children = (
				1B2682BE2B762EDC00059BEF /* GoogleService-Info.plist */,
				1B4F7D6F2B761121001DB784 /* AppDelegate.swift */,
				1B4F7D712B761121001DB784 /* SceneDelegate.swift */,
				1B4F7D732B761121001DB784 /* ViewController.swift */,
				1B4F7D752B761121001DB784 /* Main.storyboard */,
				1B4F7D782B761124001DB784 /* Assets.xcassets */,
				1B4F7D7A2B761124001DB784 /* LaunchScreen.storyboard */,
				1B4F7D7D2B761124001DB784 /* Info.plist */,
				1BF62C462B763F5E0094D1FB /* ManagerUserDefaults.swift */,
			);
			path = examen2EvalEjerc2Di;
			sourceTree = "<group>";
		};
		1B4F7D852B761124001DB784 /* examen2EvalEjerc2DiTests */ = {
			isa = PBXGroup;
			children = (
				1B4F7D862B761125001DB784 /* examen2EvalEjerc2DiTests.swift */,
				1B4F7D882B761125001DB784 /* Info.plist */,
			);
			path = examen2EvalEjerc2DiTests;
			sourceTree = "<group>";
		};
		1B4F7D902B761125001DB784 /* examen2EvalEjerc2DiUITests */ = {
			isa = PBXGroup;
			children = (
				1B4F7D912B761125001DB784 /* examen2EvalEjerc2DiUITests.swift */,
				1B4F7D932B761125001DB784 /* Info.plist */,
			);
			path = examen2EvalEjerc2DiUITests;
			sourceTree = "<group>";
		};
/* End PBXGroup section */

/* Begin PBXNativeTarget section */
		1B4F7D6B2B761121001DB784 /* examen2EvalEjerc2Di */ = {
			isa = PBXNativeTarget;
			buildConfigurationList = 1B4F7D962B761125001DB784 /* Build configuration list for PBXNativeTarget "examen2EvalEjerc2Di" */;
			buildPhases = (
				1B4F7D682B761121001DB784 /* Sources */,
				1B4F7D692B761121001DB784 /* Frameworks */,
				1B4F7D6A2B761121001DB784 /* Resources */,
			);
			buildRules = (
			);
			dependencies = (
			);
			name = examen2EvalEjerc2Di;
			packageProductDependencies = (
				1B4F7DA32B761157001DB784 /* Alamofire */,
				1B4F7DA92B76116A001DB784 /* AlamofireImage */,
				1B4F7DEB2B761312001DB784 /* FirebaseAppDistribution-Beta */,
				1B4F7DED2B761312001DB784 /* FirebaseInAppMessaging-Beta */,
				1B4F7DEF2B761312001DB784 /* FirebaseAnalyticsSwift-Beta */,
				1B4F7DF12B761312001DB784 /* FirebaseAnalyticsWithoutAdIdSupport */,
				1B4F7DF32B761312001DB784 /* FirebaseFirestore */,
				1B4F7DF52B761312001DB784 /* FirebaseAuthCombine-Community */,
				1B4F7DF72B761312001DB784 /* FirebaseInstallations */,
				1B4F7DF92B761312001DB784 /* FirebaseRemoteConfigSwift-Beta */,
				1B4F7DFB2B761312001DB784 /* FirebaseFunctionsCombine-Community */,
				1B4F7DFD2B761312001DB784 /* FirebaseFirestoreSwift-Beta */,
				1B4F7DFF2B761312001DB784 /* FirebaseAnalytics */,
				1B4F7E012B761312001DB784 /* FirebaseDatabase */,
				1B4F7E032B761312001DB784 /* FirebasePerformance */,
				1B4F7E052B761312001DB784 /* FirebaseRemoteConfig */,
				1B4F7E072B761312001DB784 /* FirebaseAppCheck */,
				1B4F7E092B761312001DB784 /* FirebaseStorageCombine-Community */,
				1B4F7E0B2B761312001DB784 /* FirebaseAuth */,
				1B4F7E0D2B761312001DB784 /* FirebaseInAppMessagingSwift-Beta */,
				1B4F7E0F2B761312001DB784 /* FirebaseDatabaseSwift-Beta */,
				1B4F7E112B761312001DB784 /* FirebaseStorageSwift-Beta */,
				1B4F7E132B761312001DB784 /* FirebaseMLModelDownloader */,
				1B4F7E152B761312001DB784 /* FirebaseCrashlytics */,
				1B4F7E172B761312001DB784 /* FirebaseMessaging */,
				1B4F7E192B761312001DB784 /* FirebaseStorage */,
				1B4F7E1B2B761312001DB784 /* FirebaseDynamicLinks */,
				1B4F7E1D2B761312001DB784 /* FirebaseFunctionsSwift-Beta */,
				1B4F7E1F2B761312001DB784 /* FirebaseFunctions */,
				1B4F7E212B761312001DB784 /* FirebaseFirestoreCombine-Community */,
				1B4F7E2D2B761399001DB784 /* Toast */,
			);
			productName = examen2EvalEjerc2Di;
			productReference = 1B4F7D6C2B761121001DB784 /* examen2EvalEjerc2Di.app */;
			productType = "com.apple.product-type.application";
		};
		1B4F7D812B761124001DB784 /* examen2EvalEjerc2DiTests */ = {
			isa = PBXNativeTarget;
			buildConfigurationList = 1B4F7D992B761125001DB784 /* Build configuration list for PBXNativeTarget "examen2EvalEjerc2DiTests" */;
			buildPhases = (
				1B4F7D7E2B761124001DB784 /* Sources */,
				1B4F7D7F2B761124001DB784 /* Frameworks */,
				1B4F7D802B761124001DB784 /* Resources */,
			);
			buildRules = (
			);
			dependencies = (
				1B4F7D842B761124001DB784 /* PBXTargetDependency */,
			);
			name = examen2EvalEjerc2DiTests;
			productName = examen2EvalEjerc2DiTests;
			productReference = 1B4F7D822B761124001DB784 /* examen2EvalEjerc2DiTests.xctest */;
			productType = "com.apple.product-type.bundle.unit-test";
		};
		1B4F7D8C2B761125001DB784 /* examen2EvalEjerc2DiUITests */ = {
			isa = PBXNativeTarget;
			buildConfigurationList = 1B4F7D9C2B761125001DB784 /* Build configuration list for PBXNativeTarget "examen2EvalEjerc2DiUITests" */;
			buildPhases = (
				1B4F7D892B761125001DB784 /* Sources */,
				1B4F7D8A2B761125001DB784 /* Frameworks */,
				1B4F7D8B2B761125001DB784 /* Resources */,
			);
			buildRules = (
			);
			dependencies = (
				1B4F7D8F2B761125001DB784 /* PBXTargetDependency */,
			);
			name = examen2EvalEjerc2DiUITests;
			productName = examen2EvalEjerc2DiUITests;
			productReference = 1B4F7D8D2B761125001DB784 /* examen2EvalEjerc2DiUITests.xctest */;
			productType = "com.apple.product-type.bundle.ui-testing";
		};
/* End PBXNativeTarget section */

/* Begin PBXProject section */
		1B4F7D642B761120001DB784 /* Project object */ = {
			isa = PBXProject;
			attributes = {
				LastSwiftUpdateCheck = 1240;
				LastUpgradeCheck = 1240;
				TargetAttributes = {
					1B4F7D6B2B761121001DB784 = {
						CreatedOnToolsVersion = 12.4;
					};
					1B4F7D812B761124001DB784 = {
						CreatedOnToolsVersion = 12.4;
						TestTargetID = 1B4F7D6B2B761121001DB784;
					};
					1B4F7D8C2B761125001DB784 = {
						CreatedOnToolsVersion = 12.4;
						TestTargetID = 1B4F7D6B2B761121001DB784;
					};
				};
			};
			buildConfigurationList = 1B4F7D672B761120001DB784 /* Build configuration list for PBXProject "examen2EvalEjerc2Di" */;
			compatibilityVersion = "Xcode 9.3";
			developmentRegion = en;
			hasScannedForEncodings = 0;
			knownRegions = (
				en,
				Base,
			);
			mainGroup = 1B4F7D632B761120001DB784;
			packageReferences = (
				1B4F7DA22B761157001DB784 /* XCRemoteSwiftPackageReference "Alamofire" */,
				1B4F7DA82B76116A001DB784 /* XCRemoteSwiftPackageReference "AlamofireImage" */,
				1B4F7DEA2B761312001DB784 /* XCRemoteSwiftPackageReference "firebase-ios-sdk" */,
				1B4F7E2C2B761399001DB784 /* XCRemoteSwiftPackageReference "Toast-Swift" */,
			);
			productRefGroup = 1B4F7D6D2B761121001DB784 /* Products */;
			projectDirPath = "";
			projectRoot = "";
			targets = (
				1B4F7D6B2B761121001DB784 /* examen2EvalEjerc2Di */,
				1B4F7D812B761124001DB784 /* examen2EvalEjerc2DiTests */,
				1B4F7D8C2B761125001DB784 /* examen2EvalEjerc2DiUITests */,
			);
		};
/* End PBXProject section */

/* Begin PBXResourcesBuildPhase section */
		1B4F7D6A2B761121001DB784 /* Resources */ = {
			isa = PBXResourcesBuildPhase;
			buildActionMask = 2147483647;
			files = (
				1B4F7D7C2B761124001DB784 /* LaunchScreen.storyboard in Resources */,
				1B2682BF2B762EDC00059BEF /* GoogleService-Info.plist in Resources */,
				1B4F7D792B761124001DB784 /* Assets.xcassets in Resources */,
				1B4F7D772B761121001DB784 /* Main.storyboard in Resources */,
			);
			runOnlyForDeploymentPostprocessing = 0;
		};
		1B4F7D802B761124001DB784 /* Resources */ = {
			isa = PBXResourcesBuildPhase;
			buildActionMask = 2147483647;
			files = (
			);
			runOnlyForDeploymentPostprocessing = 0;
		};
		1B4F7D8B2B761125001DB784 /* Resources */ = {
			isa = PBXResourcesBuildPhase;
			buildActionMask = 2147483647;
			files = (
			);
			runOnlyForDeploymentPostprocessing = 0;
		};
/* End PBXResourcesBuildPhase section */

/* Begin PBXSourcesBuildPhase section */
		1B4F7D682B761121001DB784 /* Sources */ = {
			isa = PBXSourcesBuildPhase;
			buildActionMask = 2147483647;
			files = (
				1B4F7D742B761121001DB784 /* ViewController.swift in Sources */,
				1B4F7D702B761121001DB784 /* AppDelegate.swift in Sources */,
				1BF62C472B763F5E0094D1FB /* ManagerUserDefaults.swift in Sources */,
				1B4F7D722B761121001DB784 /* SceneDelegate.swift in Sources */,
			);
			runOnlyForDeploymentPostprocessing = 0;
		};
		1B4F7D7E2B761124001DB784 /* Sources */ = {
			isa = PBXSourcesBuildPhase;
			buildActionMask = 2147483647;
			files = (
				1B4F7D872B761125001DB784 /* examen2EvalEjerc2DiTests.swift in Sources */,
			);
			runOnlyForDeploymentPostprocessing = 0;
		};
		1B4F7D892B761125001DB784 /* Sources */ = {
			isa = PBXSourcesBuildPhase;
			buildActionMask = 2147483647;
			files = (
				1B4F7D922B761125001DB784 /* examen2EvalEjerc2DiUITests.swift in Sources */,
			);
			runOnlyForDeploymentPostprocessing = 0;
		};
/* End PBXSourcesBuildPhase section */

/* Begin PBXTargetDependency section */
		1B4F7D842B761124001DB784 /* PBXTargetDependency */ = {
			isa = PBXTargetDependency;
			target = 1B4F7D6B2B761121001DB784 /* examen2EvalEjerc2Di */;
			targetProxy = 1B4F7D832B761124001DB784 /* PBXContainerItemProxy */;
		};
		1B4F7D8F2B761125001DB784 /* PBXTargetDependency */ = {
			isa = PBXTargetDependency;
			target = 1B4F7D6B2B761121001DB784 /* examen2EvalEjerc2Di */;
			targetProxy = 1B4F7D8E2B761125001DB784 /* PBXContainerItemProxy */;
		};
/* End PBXTargetDependency section */

/* Begin PBXVariantGroup section */
		1B4F7D752B761121001DB784 /* Main.storyboard */ = {
			isa = PBXVariantGroup;
			children = (
				1B4F7D762B761121001DB784 /* Base */,
			);
			name = Main.storyboard;
			sourceTree = "<group>";
		};
		1B4F7D7A2B761124001DB784 /* LaunchScreen.storyboard */ = {
			isa = PBXVariantGroup;
			children = (
				1B4F7D7B2B761124001DB784 /* Base */,
			);
			name = LaunchScreen.storyboard;
			sourceTree = "<group>";
		};
/* End PBXVariantGroup section */

/* Begin XCBuildConfiguration section */
		1B4F7D942B761125001DB784 /* Debug */ = {
			isa = XCBuildConfiguration;
			buildSettings = {
				ALWAYS_SEARCH_USER_PATHS = NO;
				CLANG_ANALYZER_NONNULL = YES;
				CLANG_ANALYZER_NUMBER_OBJECT_CONVERSION = YES_AGGRESSIVE;
				CLANG_CXX_LANGUAGE_STANDARD = "gnu++14";
				CLANG_CXX_LIBRARY = "libc++";
				CLANG_ENABLE_MODULES = YES;
				CLANG_ENABLE_OBJC_ARC = YES;
				CLANG_ENABLE_OBJC_WEAK = YES;
				CLANG_WARN_BLOCK_CAPTURE_AUTORELEASING = YES;
				CLANG_WARN_BOOL_CONVERSION = YES;
				CLANG_WARN_COMMA = YES;
				CLANG_WARN_CONSTANT_CONVERSION = YES;
				CLANG_WARN_DEPRECATED_OBJC_IMPLEMENTATIONS = YES;
				CLANG_WARN_DIRECT_OBJC_ISA_USAGE = YES_ERROR;
				CLANG_WARN_DOCUMENTATION_COMMENTS = YES;
				CLANG_WARN_EMPTY_BODY = YES;
				CLANG_WARN_ENUM_CONVERSION = YES;
				CLANG_WARN_INFINITE_RECURSION = YES;
				CLANG_WARN_INT_CONVERSION = YES;
				CLANG_WARN_NON_LITERAL_NULL_CONVERSION = YES;
				CLANG_WARN_OBJC_IMPLICIT_RETAIN_SELF = YES;
				CLANG_WARN_OBJC_LITERAL_CONVERSION = YES;
				CLANG_WARN_OBJC_ROOT_CLASS = YES_ERROR;
				CLANG_WARN_QUOTED_INCLUDE_IN_FRAMEWORK_HEADER = YES;
				CLANG_WARN_RANGE_LOOP_ANALYSIS = YES;
				CLANG_WARN_STRICT_PROTOTYPES = YES;
				CLANG_WARN_SUSPICIOUS_MOVE = YES;
				CLANG_WARN_UNGUARDED_AVAILABILITY = YES_AGGRESSIVE;
				CLANG_WARN_UNREACHABLE_CODE = YES;
				CLANG_WARN__DUPLICATE_METHOD_MATCH = YES;
				COPY_PHASE_STRIP = NO;
				DEBUG_INFORMATION_FORMAT = dwarf;
				ENABLE_STRICT_OBJC_MSGSEND = YES;
				ENABLE_TESTABILITY = YES;
				GCC_C_LANGUAGE_STANDARD = gnu11;
				GCC_DYNAMIC_NO_PIC = NO;
				GCC_NO_COMMON_BLOCKS = YES;
				GCC_OPTIMIZATION_LEVEL = 0;
				GCC_PREPROCESSOR_DEFINITIONS = (
					"DEBUG=1",
					"$(inherited)",
				);
				GCC_WARN_64_TO_32_BIT_CONVERSION = YES;
				GCC_WARN_ABOUT_RETURN_TYPE = YES_ERROR;
				GCC_WARN_UNDECLARED_SELECTOR = YES;
				GCC_WARN_UNINITIALIZED_AUTOS = YES_AGGRESSIVE;
				GCC_WARN_UNUSED_FUNCTION = YES;
				GCC_WARN_UNUSED_VARIABLE = YES;
				IPHONEOS_DEPLOYMENT_TARGET = 14.4;
				MTL_ENABLE_DEBUG_INFO = INCLUDE_SOURCE;
				MTL_FAST_MATH = YES;
				ONLY_ACTIVE_ARCH = YES;
				SDKROOT = iphoneos;
				SWIFT_ACTIVE_COMPILATION_CONDITIONS = DEBUG;
				SWIFT_OPTIMIZATION_LEVEL = "-Onone";
			};
			name = Debug;
		};
		1B4F7D952B761125001DB784 /* Release */ = {
			isa = XCBuildConfiguration;
			buildSettings = {
				ALWAYS_SEARCH_USER_PATHS = NO;
				CLANG_ANALYZER_NONNULL = YES;
				CLANG_ANALYZER_NUMBER_OBJECT_CONVERSION = YES_AGGRESSIVE;
				CLANG_CXX_LANGUAGE_STANDARD = "gnu++14";
				CLANG_CXX_LIBRARY = "libc++";
				CLANG_ENABLE_MODULES = YES;
				CLANG_ENABLE_OBJC_ARC = YES;
				CLANG_ENABLE_OBJC_WEAK = YES;
				CLANG_WARN_BLOCK_CAPTURE_AUTORELEASING = YES;
				CLANG_WARN_BOOL_CONVERSION = YES;
				CLANG_WARN_COMMA = YES;
				CLANG_WARN_CONSTANT_CONVERSION = YES;
				CLANG_WARN_DEPRECATED_OBJC_IMPLEMENTATIONS = YES;
				CLANG_WARN_DIRECT_OBJC_ISA_USAGE = YES_ERROR;
				CLANG_WARN_DOCUMENTATION_COMMENTS = YES;
				CLANG_WARN_EMPTY_BODY = YES;
				CLANG_WARN_ENUM_CONVERSION = YES;
				CLANG_WARN_INFINITE_RECURSION = YES;
				CLANG_WARN_INT_CONVERSION = YES;
				CLANG_WARN_NON_LITERAL_NULL_CONVERSION = YES;
				CLANG_WARN_OBJC_IMPLICIT_RETAIN_SELF = YES;
				CLANG_WARN_OBJC_LITERAL_CONVERSION = YES;
				CLANG_WARN_OBJC_ROOT_CLASS = YES_ERROR;
				CLANG_WARN_QUOTED_INCLUDE_IN_FRAMEWORK_HEADER = YES;
				CLANG_WARN_RANGE_LOOP_ANALYSIS = YES;
				CLANG_WARN_STRICT_PROTOTYPES = YES;
				CLANG_WARN_SUSPICIOUS_MOVE = YES;
				CLANG_WARN_UNGUARDED_AVAILABILITY = YES_AGGRESSIVE;
				CLANG_WARN_UNREACHABLE_CODE = YES;
				CLANG_WARN__DUPLICATE_METHOD_MATCH = YES;
				COPY_PHASE_STRIP = NO;
				DEBUG_INFORMATION_FORMAT = "dwarf-with-dsym";
				ENABLE_NS_ASSERTIONS = NO;
				ENABLE_STRICT_OBJC_MSGSEND = YES;
				GCC_C_LANGUAGE_STANDARD = gnu11;
				GCC_NO_COMMON_BLOCKS = YES;
				GCC_WARN_64_TO_32_BIT_CONVERSION = YES;
				GCC_WARN_ABOUT_RETURN_TYPE = YES_ERROR;
				GCC_WARN_UNDECLARED_SELECTOR = YES;
				GCC_WARN_UNINITIALIZED_AUTOS = YES_AGGRESSIVE;
				GCC_WARN_UNUSED_FUNCTION = YES;
				GCC_WARN_UNUSED_VARIABLE = YES;
				IPHONEOS_DEPLOYMENT_TARGET = 14.4;
				MTL_ENABLE_DEBUG_INFO = NO;
				MTL_FAST_MATH = YES;
				SDKROOT = iphoneos;
				SWIFT_COMPILATION_MODE = wholemodule;
				SWIFT_OPTIMIZATION_LEVEL = "-O";
				VALIDATE_PRODUCT = YES;
			};
			name = Release;
		};
		1B4F7D972B761125001DB784 /* Debug */ = {
			isa = XCBuildConfiguration;
			buildSettings = {
				ASSETCATALOG_COMPILER_APPICON_NAME = AppIcon;
				ASSETCATALOG_COMPILER_GLOBAL_ACCENT_COLOR_NAME = AccentColor;
				CODE_SIGN_STYLE = Automatic;
				INFOPLIST_FILE = examen2EvalEjerc2Di/Info.plist;
				LD_RUNPATH_SEARCH_PATHS = (
					"$(inherited)",
					"@executable_path/Frameworks",
				);
				PRODUCT_BUNDLE_IDENTIFIER = montacer.elfazazi.examen2EvalEjerc2Di;
				PRODUCT_NAME = "$(TARGET_NAME)";
				SWIFT_VERSION = 5.0;
				TARGETED_DEVICE_FAMILY = "1,2";
			};
			name = Debug;
		};
		1B4F7D982B761125001DB784 /* Release */ = {
			isa = XCBuildConfiguration;
			buildSettings = {
				ASSETCATALOG_COMPILER_APPICON_NAME = AppIcon;
				ASSETCATALOG_COMPILER_GLOBAL_ACCENT_COLOR_NAME = AccentColor;
				CODE_SIGN_STYLE = Automatic;
				INFOPLIST_FILE = examen2EvalEjerc2Di/Info.plist;
				LD_RUNPATH_SEARCH_PATHS = (
					"$(inherited)",
					"@executable_path/Frameworks",
				);
				PRODUCT_BUNDLE_IDENTIFIER = montacer.elfazazi.examen2EvalEjerc2Di;
				PRODUCT_NAME = "$(TARGET_NAME)";
				SWIFT_VERSION = 5.0;
				TARGETED_DEVICE_FAMILY = "1,2";
			};
			name = Release;
		};
		1B4F7D9A2B761125001DB784 /* Debug */ = {
			isa = XCBuildConfiguration;
			buildSettings = {
				ALWAYS_EMBED_SWIFT_STANDARD_LIBRARIES = YES;
				BUNDLE_LOADER = "$(TEST_HOST)";
				CODE_SIGN_STYLE = Automatic;
				INFOPLIST_FILE = examen2EvalEjerc2DiTests/Info.plist;
				IPHONEOS_DEPLOYMENT_TARGET = 14.4;
				LD_RUNPATH_SEARCH_PATHS = (
					"$(inherited)",
					"@executable_path/Frameworks",
					"@loader_path/Frameworks",
				);
				PRODUCT_BUNDLE_IDENTIFIER = montacer.elfazazi.examen2EvalEjerc2DiTests;
				PRODUCT_NAME = "$(TARGET_NAME)";
				SWIFT_VERSION = 5.0;
				TARGETED_DEVICE_FAMILY = "1,2";
				TEST_HOST = "$(BUILT_PRODUCTS_DIR)/examen2EvalEjerc2Di.app/examen2EvalEjerc2Di";
			};
			name = Debug;
		};
		1B4F7D9B2B761125001DB784 /* Release */ = {
			isa = XCBuildConfiguration;
			buildSettings = {
				ALWAYS_EMBED_SWIFT_STANDARD_LIBRARIES = YES;
				BUNDLE_LOADER = "$(TEST_HOST)";
				CODE_SIGN_STYLE = Automatic;
				INFOPLIST_FILE = examen2EvalEjerc2DiTests/Info.plist;
				IPHONEOS_DEPLOYMENT_TARGET = 14.4;
				LD_RUNPATH_SEARCH_PATHS = (
					"$(inherited)",
					"@executable_path/Frameworks",
					"@loader_path/Frameworks",
				);
				PRODUCT_BUNDLE_IDENTIFIER = montacer.elfazazi.examen2EvalEjerc2DiTests;
				PRODUCT_NAME = "$(TARGET_NAME)";
				SWIFT_VERSION = 5.0;
				TARGETED_DEVICE_FAMILY = "1,2";
				TEST_HOST = "$(BUILT_PRODUCTS_DIR)/examen2EvalEjerc2Di.app/examen2EvalEjerc2Di";
			};
			name = Release;
		};
		1B4F7D9D2B761125001DB784 /* Debug */ = {
			isa = XCBuildConfiguration;
			buildSettings = {
				ALWAYS_EMBED_SWIFT_STANDARD_LIBRARIES = YES;
				CODE_SIGN_STYLE = Automatic;
				INFOPLIST_FILE = examen2EvalEjerc2DiUITests/Info.plist;
				LD_RUNPATH_SEARCH_PATHS = (
					"$(inherited)",
					"@executable_path/Frameworks",
					"@loader_path/Frameworks",
				);
				PRODUCT_BUNDLE_IDENTIFIER = montacer.elfazazi.examen2EvalEjerc2DiUITests;
				PRODUCT_NAME = "$(TARGET_NAME)";
				SWIFT_VERSION = 5.0;
				TARGETED_DEVICE_FAMILY = "1,2";
				TEST_TARGET_NAME = examen2EvalEjerc2Di;
			};
			name = Debug;
		};
		1B4F7D9E2B761125001DB784 /* Release */ = {
			isa = XCBuildConfiguration;
			buildSettings = {
				ALWAYS_EMBED_SWIFT_STANDARD_LIBRARIES = YES;
				CODE_SIGN_STYLE = Automatic;
				INFOPLIST_FILE = examen2EvalEjerc2DiUITests/Info.plist;
				LD_RUNPATH_SEARCH_PATHS = (
					"$(inherited)",
					"@executable_path/Frameworks",
					"@loader_path/Frameworks",
				);
				PRODUCT_BUNDLE_IDENTIFIER = montacer.elfazazi.examen2EvalEjerc2DiUITests;
				PRODUCT_NAME = "$(TARGET_NAME)";
				SWIFT_VERSION = 5.0;
				TARGETED_DEVICE_FAMILY = "1,2";
				TEST_TARGET_NAME = examen2EvalEjerc2Di;
			};
			name = Release;
		};
/* End XCBuildConfiguration section */

/* Begin XCConfigurationList section */
		1B4F7D672B761120001DB784 /* Build configuration list for PBXProject "examen2EvalEjerc2Di" */ = {
			isa = XCConfigurationList;
			buildConfigurations = (
				1B4F7D942B761125001DB784 /* Debug */,
				1B4F7D952B761125001DB784 /* Release */,
			);
			defaultConfigurationIsVisible = 0;
			defaultConfigurationName = Release;
		};
		1B4F7D962B761125001DB784 /* Build configuration list for PBXNativeTarget "examen2EvalEjerc2Di" */ = {
			isa = XCConfigurationList;
			buildConfigurations = (
				1B4F7D972B761125001DB784 /* Debug */,
				1B4F7D982B761125001DB784 /* Release */,
			);
			defaultConfigurationIsVisible = 0;
			defaultConfigurationName = Release;
		};
		1B4F7D992B761125001DB784 /* Build configuration list for PBXNativeTarget "examen2EvalEjerc2DiTests" */ = {
			isa = XCConfigurationList;
			buildConfigurations = (
				1B4F7D9A2B761125001DB784 /* Debug */,
				1B4F7D9B2B761125001DB784 /* Release */,
			);
			defaultConfigurationIsVisible = 0;
			defaultConfigurationName = Release;
		};
		1B4F7D9C2B761125001DB784 /* Build configuration list for PBXNativeTarget "examen2EvalEjerc2DiUITests" */ = {
			isa = XCConfigurationList;
			buildConfigurations = (
				1B4F7D9D2B761125001DB784 /* Debug */,
				1B4F7D9E2B761125001DB784 /* Release */,
			);
			defaultConfigurationIsVisible = 0;
			defaultConfigurationName = Release;
		};
/* End XCConfigurationList section */

/* Begin XCRemoteSwiftPackageReference section */
		1B4F7DA22B761157001DB784 /* XCRemoteSwiftPackageReference "Alamofire" */ = {
			isa = XCRemoteSwiftPackageReference;
			repositoryURL = "https://github.com/Alamofire/Alamofire.git";
			requirement = {
				kind = upToNextMajorVersion;
				minimumVersion = 5.0.1;
			};
		};
		1B4F7DA82B76116A001DB784 /* XCRemoteSwiftPackageReference "AlamofireImage" */ = {
			isa = XCRemoteSwiftPackageReference;
			repositoryURL = "https://github.com/Alamofire/AlamofireImage.git";
			requirement = {
				kind = upToNextMajorVersion;
				minimumVersion = 4.0.0;
			};
		};
		1B4F7DEA2B761312001DB784 /* XCRemoteSwiftPackageReference "firebase-ios-sdk" */ = {
			isa = XCRemoteSwiftPackageReference;
			repositoryURL = "https://github.com/firebase/firebase-ios-sdk.git";
			requirement = {
				kind = upToNextMajorVersion;
				minimumVersion = 8.15.0;
			};
		};
		1B4F7E2C2B761399001DB784 /* XCRemoteSwiftPackageReference "Toast-Swift" */ = {
			isa = XCRemoteSwiftPackageReference;
			repositoryURL = "https://github.com/scalessec/Toast-Swift.git";
			requirement = {
				kind = upToNextMajorVersion;
				minimumVersion = 5.1.0;
			};
		};
/* End XCRemoteSwiftPackageReference section */

/* Begin XCSwiftPackageProductDependency section */
		1B4F7DA32B761157001DB784 /* Alamofire */ = {
			isa = XCSwiftPackageProductDependency;
			package = 1B4F7DA22B761157001DB784 /* XCRemoteSwiftPackageReference "Alamofire" */;
			productName = Alamofire;
		};
		1B4F7DA92B76116A001DB784 /* AlamofireImage */ = {
			isa = XCSwiftPackageProductDependency;
			package = 1B4F7DA82B76116A001DB784 /* XCRemoteSwiftPackageReference "AlamofireImage" */;
			productName = AlamofireImage;
		};
		1B4F7DEB2B761312001DB784 /* FirebaseAppDistribution-Beta */ = {
			isa = XCSwiftPackageProductDependency;
			package = 1B4F7DEA2B761312001DB784 /* XCRemoteSwiftPackageReference "firebase-ios-sdk" */;
			productName = "FirebaseAppDistribution-Beta";
		};
		1B4F7DED2B761312001DB784 /* FirebaseInAppMessaging-Beta */ = {
			isa = XCSwiftPackageProductDependency;
			package = 1B4F7DEA2B761312001DB784 /* XCRemoteSwiftPackageReference "firebase-ios-sdk" */;
			productName = "FirebaseInAppMessaging-Beta";
		};
		1B4F7DEF2B761312001DB784 /* FirebaseAnalyticsSwift-Beta */ = {
			isa = XCSwiftPackageProductDependency;
			package = 1B4F7DEA2B761312001DB784 /* XCRemoteSwiftPackageReference "firebase-ios-sdk" */;
			productName = "FirebaseAnalyticsSwift-Beta";
		};
		1B4F7DF12B761312001DB784 /* FirebaseAnalyticsWithoutAdIdSupport */ = {
			isa = XCSwiftPackageProductDependency;
			package = 1B4F7DEA2B761312001DB784 /* XCRemoteSwiftPackageReference "firebase-ios-sdk" */;
			productName = FirebaseAnalyticsWithoutAdIdSupport;
		};
		1B4F7DF32B761312001DB784 /* FirebaseFirestore */ = {
			isa = XCSwiftPackageProductDependency;
			package = 1B4F7DEA2B761312001DB784 /* XCRemoteSwiftPackageReference "firebase-ios-sdk" */;
			productName = FirebaseFirestore;
		};
		1B4F7DF52B761312001DB784 /* FirebaseAuthCombine-Community */ = {
			isa = XCSwiftPackageProductDependency;
			package = 1B4F7DEA2B761312001DB784 /* XCRemoteSwiftPackageReference "firebase-ios-sdk" */;
			productName = "FirebaseAuthCombine-Community";
		};
		1B4F7DF72B761312001DB784 /* FirebaseInstallations */ = {
			isa = XCSwiftPackageProductDependency;
			package = 1B4F7DEA2B761312001DB784 /* XCRemoteSwiftPackageReference "firebase-ios-sdk" */;
			productName = FirebaseInstallations;
		};
		1B4F7DF92B761312001DB784 /* FirebaseRemoteConfigSwift-Beta */ = {
			isa = XCSwiftPackageProductDependency;
			package = 1B4F7DEA2B761312001DB784 /* XCRemoteSwiftPackageReference "firebase-ios-sdk" */;
			productName = "FirebaseRemoteConfigSwift-Beta";
		};
		1B4F7DFB2B761312001DB784 /* FirebaseFunctionsCombine-Community */ = {
			isa = XCSwiftPackageProductDependency;
			package = 1B4F7DEA2B761312001DB784 /* XCRemoteSwiftPackageReference "firebase-ios-sdk" */;
			productName = "FirebaseFunctionsCombine-Community";
		};
		1B4F7DFD2B761312001DB784 /* FirebaseFirestoreSwift-Beta */ = {
			isa = XCSwiftPackageProductDependency;
			package = 1B4F7DEA2B761312001DB784 /* XCRemoteSwiftPackageReference "firebase-ios-sdk" */;
			productName = "FirebaseFirestoreSwift-Beta";
		};
		1B4F7DFF2B761312001DB784 /* FirebaseAnalytics */ = {
			isa = XCSwiftPackageProductDependency;
			package = 1B4F7DEA2B761312001DB784 /* XCRemoteSwiftPackageReference "firebase-ios-sdk" */;
			productName = FirebaseAnalytics;
		};
		1B4F7E012B761312001DB784 /* FirebaseDatabase */ = {
			isa = XCSwiftPackageProductDependency;
			package = 1B4F7DEA2B761312001DB784 /* XCRemoteSwiftPackageReference "firebase-ios-sdk" */;
			productName = FirebaseDatabase;
		};
		1B4F7E032B761312001DB784 /* FirebasePerformance */ = {
			isa = XCSwiftPackageProductDependency;
			package = 1B4F7DEA2B761312001DB784 /* XCRemoteSwiftPackageReference "firebase-ios-sdk" */;
			productName = FirebasePerformance;
		};
		1B4F7E052B761312001DB784 /* FirebaseRemoteConfig */ = {
			isa = XCSwiftPackageProductDependency;
			package = 1B4F7DEA2B761312001DB784 /* XCRemoteSwiftPackageReference "firebase-ios-sdk" */;
			productName = FirebaseRemoteConfig;
		};
		1B4F7E072B761312001DB784 /* FirebaseAppCheck */ = {
			isa = XCSwiftPackageProductDependency;
			package = 1B4F7DEA2B761312001DB784 /* XCRemoteSwiftPackageReference "firebase-ios-sdk" */;
			productName = FirebaseAppCheck;
		};
		1B4F7E092B761312001DB784 /* FirebaseStorageCombine-Community */ = {
			isa = XCSwiftPackageProductDependency;
			package = 1B4F7DEA2B761312001DB784 /* XCRemoteSwiftPackageReference "firebase-ios-sdk" */;
			productName = "FirebaseStorageCombine-Community";
		};
		1B4F7E0B2B761312001DB784 /* FirebaseAuth */ = {
			isa = XCSwiftPackageProductDependency;
			package = 1B4F7DEA2B761312001DB784 /* XCRemoteSwiftPackageReference "firebase-ios-sdk" */;
			productName = FirebaseAuth;
		};
		1B4F7E0D2B761312001DB784 /* FirebaseInAppMessagingSwift-Beta */ = {
			isa = XCSwiftPackageProductDependency;
			package = 1B4F7DEA2B761312001DB784 /* XCRemoteSwiftPackageReference "firebase-ios-sdk" */;
			productName = "FirebaseInAppMessagingSwift-Beta";
		};
		1B4F7E0F2B761312001DB784 /* FirebaseDatabaseSwift-Beta */ = {
			isa = XCSwiftPackageProductDependency;
			package = 1B4F7DEA2B761312001DB784 /* XCRemoteSwiftPackageReference "firebase-ios-sdk" */;
			productName = "FirebaseDatabaseSwift-Beta";
		};
		1B4F7E112B761312001DB784 /* FirebaseStorageSwift-Beta */ = {
			isa = XCSwiftPackageProductDependency;
			package = 1B4F7DEA2B761312001DB784 /* XCRemoteSwiftPackageReference "firebase-ios-sdk" */;
			productName = "FirebaseStorageSwift-Beta";
		};
		1B4F7E132B761312001DB784 /* FirebaseMLModelDownloader */ = {
			isa = XCSwiftPackageProductDependency;
			package = 1B4F7DEA2B761312001DB784 /* XCRemoteSwiftPackageReference "firebase-ios-sdk" */;
			productName = FirebaseMLModelDownloader;
		};
		1B4F7E152B761312001DB784 /* FirebaseCrashlytics */ = {
			isa = XCSwiftPackageProductDependency;
			package = 1B4F7DEA2B761312001DB784 /* XCRemoteSwiftPackageReference "firebase-ios-sdk" */;
			productName = FirebaseCrashlytics;
		};
		1B4F7E172B761312001DB784 /* FirebaseMessaging */ = {
			isa = XCSwiftPackageProductDependency;
			package = 1B4F7DEA2B761312001DB784 /* XCRemoteSwiftPackageReference "firebase-ios-sdk" */;
			productName = FirebaseMessaging;
		};
		1B4F7E192B761312001DB784 /* FirebaseStorage */ = {
			isa = XCSwiftPackageProductDependency;
			package = 1B4F7DEA2B761312001DB784 /* XCRemoteSwiftPackageReference "firebase-ios-sdk" */;
			productName = FirebaseStorage;
		};
		1B4F7E1B2B761312001DB784 /* FirebaseDynamicLinks */ = {
			isa = XCSwiftPackageProductDependency;
			package = 1B4F7DEA2B761312001DB784 /* XCRemoteSwiftPackageReference "firebase-ios-sdk" */;
			productName = FirebaseDynamicLinks;
		};
		1B4F7E1D2B761312001DB784 /* FirebaseFunctionsSwift-Beta */ = {
			isa = XCSwiftPackageProductDependency;
			package = 1B4F7DEA2B761312001DB784 /* XCRemoteSwiftPackageReference "firebase-ios-sdk" */;
			productName = "FirebaseFunctionsSwift-Beta";
		};
		1B4F7E1F2B761312001DB784 /* FirebaseFunctions */ = {
			isa = XCSwiftPackageProductDependency;
			package = 1B4F7DEA2B761312001DB784 /* XCRemoteSwiftPackageReference "firebase-ios-sdk" */;
			productName = FirebaseFunctions;
		};
		1B4F7E212B761312001DB784 /* FirebaseFirestoreCombine-Community */ = {
			isa = XCSwiftPackageProductDependency;
			package = 1B4F7DEA2B761312001DB784 /* XCRemoteSwiftPackageReference "firebase-ios-sdk" */;
			productName = "FirebaseFirestoreCombine-Community";
		};
		1B4F7E2D2B761399001DB784 /* Toast */ = {
			isa = XCSwiftPackageProductDependency;
			package = 1B4F7E2C2B761399001DB784 /* XCRemoteSwiftPackageReference "Toast-Swift" */;
			productName = Toast;
		};
/* End XCSwiftPackageProductDependency section */
	};
	rootObject = 1B4F7D642B761120001DB784 /* Project object */;
}
